{
    "_meta": {
        "hash": {
            "sha256": "e61df129ddcb9bbc4c795f10b6b8aa523aac2c0cbbda0a9ab7675b1f831cb7e3"
        },
        "pipfile-spec": 6,
        "requires": {
            "python_version": "3.6"
        },
        "sources": [
            {
                "name": "pypi",
                "url": "https://pypi.org/simple",
                "verify_ssl": true
            }
        ]
    },
    "default": {
        "django": {
            "hashes": [
                "sha256:1226168be1b1c7efd0e66ee79b0e0b58b2caa7ed87717909cd8a57bb13a7079a",
                "sha256:9a4635813e2d498a3c01b10c701fe4a515d76dd290aaa792ccb65ca4ccb6b038"
            ],
            "index": "pypi",
            "version": "==2.2.10"
        },
        "django-chartjs": {
            "hashes": [
                "sha256:7dacc6bb48fadcb00c07ba8656e4e97c50f5f05defc988976ed4f609cc39a7e9",
                "sha256:f48ebd04b2dd4036b3bed44520b6876996338d1374f36b8915d27899e4becbe9"
            ],
            "index": "pypi",
            "version": "==2.0.0"
        },
        "django-flatpickr": {
            "hashes": [
                "sha256:097b45d283ed405879efa3e98a80720ff3a75f7ce1e454d6003c9dd0f1f484e9",
                "sha256:a38cce4bfc4638e75bb079271dc7c99f399fc98893164174b234a9c4507bf974"
            ],
            "index": "pypi",
            "version": "==1.0.1"
        },
        "django-widget-tweaks": {
            "hashes": [
                "sha256:a4ab4877744238e493c162a1bde2ebcae499d338e45072ebf5569c0664644bf9",
                "sha256:bb81ca73ff17080192801c9bf3abba3b70d44ea0f1fcfd57778edb75f387c82e"
            ],
            "index": "pypi",
            "version": "==1.4.6"
        },
        "djangorestframework": {
            "hashes": [
                "sha256:05809fc66e1c997fd9a32ea5730d9f4ba28b109b9da71fccfa5ff241201fd0a4",
                "sha256:e782087823c47a26826ee5b6fa0c542968219263fb3976ec3c31edab23a4001f"
            ],
            "index": "pypi",
            "version": "==3.11.0"
        },
        "pytz": {
            "hashes": [
                "sha256:1c557d7d0e871de1f5ccd5833f60fb2550652da6be2693c1e02300743d21500d",
                "sha256:b02c06db6cf09c12dd25137e563b31700d3b80fcc4ad23abb7a315f2789819be"
            ],
            "version": "==2019.3"
        },
        "sqlparse": {
            "hashes": [
                "sha256:022fb9c87b524d1f7862b3037e541f68597a730a8843245c349fc93e1643dc4e",
                "sha256:e162203737712307dfe78860cc56c8da8a852ab2ee33750e33aeadf38d12c548"
            ],
            "version": "==0.3.1"
        }
    },
    "develop": {}
}
